Microsoft Visual Studio Solution File, Format Version 9.00
# Visual Studio 2005
Project("{FAE04EC0-301F-11D3-BF4B-00C04F79EFBC}") = "docExportToImage", "docExportToImage.csproj", "{B9C1B63C-B948-4EB8-B71A-DAF631BC3A1F}"
EndProject
Global
	GlobalSection(SourceCodeControl) = preSolution
		SccNumberOfProjects = 2
		SccLocalPath0 = .
		SccProjectUniqueName1 = docExportToImage.csproj
		SccLocalPath1 = .
	EndGlobalSection
	GlobalSection(SolutionConfigurationPlatforms) = preSolution
		Debug|Any CPU = Debug|Any CPU
		Release|Any CPU = Release|Any CPU
	EndGlobalSection
	GlobalSection(ProjectConfigurationPlatforms) = postSolution
		{B9C1B63C-B948-4EB8-B71A-DAF631BC3A1F}.Debug|Any CPU.ActiveCfg = Debug|Any CPU
		{B9C1B63C-B948-4EB8-B71A-DAF631BC3A1F}.Debug|Any CPU.Build.0 = Debug|Any CPU
		{B9C1B63C-B948-4EB8-B71A-DAF631BC3A1F}.Release|Any CPU.ActiveCfg = Release|Any CPU
		{B9C1B63C-B948-4EB8-B71A-DAF631BC3A1F}.Release|Any CPU.Build.0 = Release|Any CPU
	EndGlobalSection
	GlobalSection(SolutionProperties) = preSolution
		HideSolutionNode = FALSE
	EndGlobalSection
EndGlobal
